
Microsoft Visual Studio Solution File, Format Version 12.00
# Visual Studio 15
VisualStudioVersion = 15.0.27428.2005
MinimumVisualStudioVersion = 10.0.40219.1
Project("{FAE04EC0-301F-11D3-BF4B-00C04F79EFBC}") = "URLShortener", "URLShortener\URLShortener.csproj", "{1F4BF98E-7343-409A-8121-2EB9502DC203}"
EndProject
Global
	GlobalSection(SolutionConfigurationPlatforms) = preSolution
		Debug|Any CPU = Debug|Any CPU
		Release|Any CPU = Release|Any CPU
	EndGlobalSection
	GlobalSection(ProjectConfigurationPlatforms) = postSolution
		{1F4BF98E-7343-409A-8121-2EB9502DC203}.Debug|Any CPU.ActiveCfg = Debug|Any CPU
		{1F4BF98E-7343-409A-8121-2EB9502DC203}.Debug|Any CPU.Build.0 = Debug|Any CPU
		{1F4BF98E-7343-409A-8121-2EB9502DC203}.Release|Any CPU.ActiveCfg = Release|Any CPU
		{1F4BF98E-7343-409A-8121-2EB9502DC203}.Release|Any CPU.Build.0 = Release|Any CPU
	EndGlobalSection
	GlobalSection(SolutionProperties) = preSolution
		HideSolutionNode = FALSE
	EndGlobalSection
	GlobalSection(ExtensibilityGlobals) = postSolution
		SolutionGuid = {AF0FD24C-BEED-4025-8CB0-65D7CAB359A7}
	EndGlobalSection
EndGlobal
